PODS:
  - Alamofire (4.0.1)
  - AlamofireJsonToObjects (2.2.0):
    - Alamofire
    - EVReflection
  - AlamofireOauth2 (2.0.1):
    - Alamofire
    - KeychainAccess
  - EVReflection (3.1.2)
  - KeychainAccess (3.0.1)

DEPENDENCIES:
  - Alamofire (from `https://github.com/Alamofire/Alamofire.git`)
  - AlamofireJsonToObjects
  - AlamofireOauth2
  - EVReflection
  - KeychainAccess

EXTERNAL SOURCES:
  Alamofire:
    :git: https://github.com/Alamofire/Alamofire.git

CHECKOUT OPTIONS:
  Alamofire:
    :commit: b98fe26cb86c1c1227185d30b87bd57cb45fbe3c
    :git: https://github.com/Alamofire/Alamofire.git

SPEC CHECKSUMS:
  Alamofire: 7682d43245de14874acd142ec137b144aa1dd335
  AlamofireJsonToObjects: 52b00593a379ef4127df6fef2b53a41e2fb46efe
  AlamofireOauth2: f3f58d52bdac4c0340181d32ae7d9eaa4c5ed84b
  EVReflection: 102d8ca777db55200f48b80d9628c8d50fb4109d
  KeychainAccess: 017ea25e313a49eda10bb19b0bb0760fb1edfe1a

PODFILE CHECKSUM: a2125c27550534b7cd032583ab4022803b90ec7d

COCOAPODS: 1.1.1
