PODS:
  - Alamofire (3.0.0)
  - AlamofireJsonToObjects (1.3.0):
    - Alamofire
    - EVReflection
  - AlamofireOauth2 (1.1.2):
    - Alamofire
    - KeychainAccess
  - EVReflection (2.10.0)
  - KeychainAccess (2.2.0)

DEPENDENCIES:
  - Alamofire
  - AlamofireJsonToObjects
  - AlamofireOauth2
  - EVReflection
  - KeychainAccess

SPEC CHECKSUMS:
  Alamofire: b61782387f81bcc538a0284cf2bb5d7995cd0a80
  AlamofireJsonToObjects: 2041f79276a2964c1d141d3c934604b5c0f6f786
  AlamofireOauth2: 29a4137ba39ee9c5f2c8ff810cb39382c76d0d56
  EVReflection: 3b70a4fbdd39ade4544086cce402301b8bc7c897
  KeychainAccess: c14a391a45bb3efbd63ab9f5a95b5b4e8753a506

COCOAPODS: 0.38.2
